// !$*UTF8*$!
{
	archiveVersion = 1;
	classes = {
	};
	objectVersion = 54;
	objects = {

/* Begin PBXBuildFile section */
		34823E4D0A8D76776C4EC22E /* Pods_testAssignment.framework in Frameworks */ = {isa = PBXBuildFile; fileRef = 1B016E84E79D59EEE920BA73 /* Pods_testAssignment.framework */; };
		EE40E34629C7A8AD007AAEE7 /* Database.swift in Sources */ = {isa = PBXBuildFile; fileRef = EE40E34529C7A8AD007AAEE7 /* Database.swift */; };
		EE40E34829C7B45D007AAEE7 /* Page1ViewController.swift in Sources */ = {isa = PBXBuildFile; fileRef = EE40E34729C7B45D007AAEE7 /* Page1ViewController.swift */; };
		EE43AA7929C4C37800CD49AC /* GoogleService-Info.plist in Resources */ = {isa = PBXBuildFile; fileRef = EE43AA7829C4C37800CD49AC /* GoogleService-Info.plist */; };
		EE51254429C4DEC3005FC467 /* Auth.swift in Sources */ = {isa = PBXBuildFile; fileRef = EE51254329C4DEC3005FC467 /* Auth.swift */; };
		EE51254629C4EEFC005FC467 /* passwordViewController.swift in Sources */ = {isa = PBXBuildFile; fileRef = EE51254529C4EEFC005FC467 /* passwordViewController.swift */; };
		EE51254829C51AF3005FC467 /* ProfileViewController.swift in Sources */ = {isa = PBXBuildFile; fileRef = EE51254729C51AF3005FC467 /* ProfileViewController.swift */; };
		EE51254C29C64869005FC467 /* MenuUITabBarController.swift in Sources */ = {isa = PBXBuildFile; fileRef = EE51254B29C64869005FC467 /* MenuUITabBarController.swift */; };
		EEABF30029C35B4B000F9508 /* Main.storyboard in Resources */ = {isa = PBXBuildFile; fileRef = EEC38FA529C1DD1500648688 /* Main.storyboard */; };
		EEABF30129C35B4E000F9508 /* LaunchScreen.storyboard in Resources */ = {isa = PBXBuildFile; fileRef = EEC38FAD29C1DD1600648688 /* LaunchScreen.storyboard */; };
		EEABF30329C35B57000F9508 /* Assets.xcassets in Resources */ = {isa = PBXBuildFile; fileRef = EEC38FAB29C1DD1600648688 /* Assets.xcassets */; };
		EEABF30629C37107000F9508 /* LoginViewController.swift in Sources */ = {isa = PBXBuildFile; fileRef = EEABF30529C37107000F9508 /* LoginViewController.swift */; };
		EEC38FA029C1DD1500648688 /* AppDelegate.swift in Sources */ = {isa = PBXBuildFile; fileRef = EEC38F9F29C1DD1500648688 /* AppDelegate.swift */; };
		EEC38FA229C1DD1500648688 /* SceneDelegate.swift in Sources */ = {isa = PBXBuildFile; fileRef = EEC38FA129C1DD1500648688 /* SceneDelegate.swift */; };
		EEC38FA429C1DD1500648688 /* SignInViewController.swift in Sources */ = {isa = PBXBuildFile; fileRef = EEC38FA329C1DD1500648688 /* SignInViewController.swift */; };
		EEC38FAA29C1DD1500648688 /* testAssignment.xcdatamodeld in Sources */ = {isa = PBXBuildFile; fileRef = EEC38FA829C1DD1500648688 /* testAssignment.xcdatamodeld */; };
/* End PBXBuildFile section */

/* Begin PBXFileReference section */
		1B016E84E79D59EEE920BA73 /* Pods_testAssignment.framework */ = {isa = PBXFileReference; explicitFileType = wrapper.framework; includeInIndex = 0; path = Pods_testAssignment.framework; sourceTree = BUILT_PRODUCTS_DIR; };
		49FE2B4576CAA79603CDF6D3 /* Pods-testAssignment.release.xcconfig */ = {isa = PBXFileReference; includeInIndex = 1; lastKnownFileType = text.xcconfig; name = "Pods-testAssignment.release.xcconfig"; path = "Target Support Files/Pods-testAssignment/Pods-testAssignment.release.xcconfig"; sourceTree = "<group>"; };
		DC1C5E9F7B47A9BC095CA09F /* Pods-testAssignment.debug.xcconfig */ = {isa = PBXFileReference; includeInIndex = 1; lastKnownFileType = text.xcconfig; name = "Pods-testAssignment.debug.xcconfig"; path = "Target Support Files/Pods-testAssignment/Pods-testAssignment.debug.xcconfig"; sourceTree = "<group>"; };
		EE40E34529C7A8AD007AAEE7 /* Database.swift */ = {isa = PBXFileReference; lastKnownFileType = sourcecode.swift; path = Database.swift; sourceTree = "<group>"; };
		EE40E34729C7B45D007AAEE7 /* Page1ViewController.swift */ = {isa = PBXFileReference; lastKnownFileType = sourcecode.swift; path = Page1ViewController.swift; sourceTree = "<group>"; };
		EE43AA7829C4C37800CD49AC /* GoogleService-Info.plist */ = {isa = PBXFileReference; fileEncoding = 4; lastKnownFileType = text.plist.xml; name = "GoogleService-Info.plist"; path = "../../../../../Downloads/GoogleService-Info.plist"; sourceTree = "<group>"; };
		EE51254329C4DEC3005FC467 /* Auth.swift */ = {isa = PBXFileReference; lastKnownFileType = sourcecode.swift; path = Auth.swift; sourceTree = "<group>"; };
		EE51254529C4EEFC005FC467 /* passwordViewController.swift */ = {isa = PBXFileReference; lastKnownFileType = sourcecode.swift; path = passwordViewController.swift; sourceTree = "<group>"; };
		EE51254729C51AF3005FC467 /* ProfileViewController.swift */ = {isa = PBXFileReference; lastKnownFileType = sourcecode.swift; path = ProfileViewController.swift; sourceTree = "<group>"; };
		EE51254B29C64869005FC467 /* MenuUITabBarController.swift */ = {isa = PBXFileReference; lastKnownFileType = sourcecode.swift; path = MenuUITabBarController.swift; sourceTree = "<group>"; };
		EEABF30529C37107000F9508 /* LoginViewController.swift */ = {isa = PBXFileReference; lastKnownFileType = sourcecode.swift; path = LoginViewController.swift; sourceTree = "<group>"; };
		EEC0613B29C356CA00DED509 /* Montserrat-ThinItalic.ttf */ = {isa = PBXFileReference; lastKnownFileType = file; name = "Montserrat-ThinItalic.ttf"; path = "../../../../../../Downloads/Montserrat/Montserrat-ThinItalic.ttf"; sourceTree = "<group>"; };
		EEC0613C29C356CA00DED509 /* Montserrat-Italic.ttf */ = {isa = PBXFileReference; lastKnownFileType = file; name = "Montserrat-Italic.ttf"; path = "../../../../../../Downloads/Montserrat/Montserrat-Italic.ttf"; sourceTree = "<group>"; };
		EEC0613D29C356CA00DED509 /* Montserrat-ExtraBold.ttf */ = {isa = PBXFileReference; lastKnownFileType = file; name = "Montserrat-ExtraBold.ttf"; path = "../../../../../../Downloads/Montserrat/Montserrat-ExtraBold.ttf"; sourceTree = "<group>"; };
		EEC0613E29C356CA00DED509 /* Montserrat-Bold.ttf */ = {isa = PBXFileReference; lastKnownFileType = file; name = "Montserrat-Bold.ttf"; path = "../../../../../../Downloads/Montserrat/Montserrat-Bold.ttf"; sourceTree = "<group>"; };
		EEC0613F29C356CA00DED509 /* Montserrat-Regular.ttf */ = {isa = PBXFileReference; lastKnownFileType = file; name = "Montserrat-Regular.ttf"; path = "../../../../../../Downloads/Montserrat/Montserrat-Regular.ttf"; sourceTree = "<group>"; };
		EEC0614029C356CA00DED509 /* Montserrat-ExtraLight.ttf */ = {isa = PBXFileReference; lastKnownFileType = file; name = "Montserrat-ExtraLight.ttf"; path = "../../../../../../Downloads/Montserrat/Montserrat-ExtraLight.ttf"; sourceTree = "<group>"; };
		EEC0614129C356CA00DED509 /* Montserrat-Black.ttf */ = {isa = PBXFileReference; lastKnownFileType = file; name = "Montserrat-Black.ttf"; path = "../../../../../../Downloads/Montserrat/Montserrat-Black.ttf"; sourceTree = "<group>"; };
		EEC0614229C356CA00DED509 /* Montserrat-SemiBold.ttf */ = {isa = PBXFileReference; lastKnownFileType = file; name = "Montserrat-SemiBold.ttf"; path = "../../../../../../Downloads/Montserrat/Montserrat-SemiBold.ttf"; sourceTree = "<group>"; };
		EEC0614329C356CA00DED509 /* Montserrat-Thin.ttf */ = {isa = PBXFileReference; lastKnownFileType = file; name = "Montserrat-Thin.ttf"; path = "../../../../../../Downloads/Montserrat/Montserrat-Thin.ttf"; sourceTree = "<group>"; };
		EEC0614429C356CA00DED509 /* Montserrat-Medium.ttf */ = {isa = PBXFileReference; lastKnownFileType = file; name = "Montserrat-Medium.ttf"; path = "../../../../../../Downloads/Montserrat/Montserrat-Medium.ttf"; sourceTree = "<group>"; };
		EEC0614529C356CA00DED509 /* Montserrat-BlackItalic.ttf */ = {isa = PBXFileReference; lastKnownFileType = file; name = "Montserrat-BlackItalic.ttf"; path = "../../../../../../Downloads/Montserrat/Montserrat-BlackItalic.ttf"; sourceTree = "<group>"; };
		EEC0614629C356CA00DED509 /* Montserrat-Light.ttf */ = {isa = PBXFileReference; lastKnownFileType = file; name = "Montserrat-Light.ttf"; path = "../../../../../../Downloads/Montserrat/Montserrat-Light.ttf"; sourceTree = "<group>"; };
		EEC0614729C356CA00DED509 /* Montserrat-MediumItalic.ttf */ = {isa = PBXFileReference; lastKnownFileType = file; name = "Montserrat-MediumItalic.ttf"; path = "../../../../../../Downloads/Montserrat/Montserrat-MediumItalic.ttf"; sourceTree = "<group>"; };
		EEC0614829C356CA00DED509 /* Montserrat-BoldItalic.ttf */ = {isa = PBXFileReference; lastKnownFileType = file; name = "Montserrat-BoldItalic.ttf"; path = "../../../../../../Downloads/Montserrat/Montserrat-BoldItalic.ttf"; sourceTree = "<group>"; };
		EEC0614929C356CA00DED509 /* Montserrat-ExtraBoldItalic.ttf */ = {isa = PBXFileReference; lastKnownFileType = file; name = "Montserrat-ExtraBoldItalic.ttf"; path = "../../../../../../Downloads/Montserrat/Montserrat-ExtraBoldItalic.ttf"; sourceTree = "<group>"; };
		EEC0614A29C356CA00DED509 /* Montserrat-SemiBoldItalic.ttf */ = {isa = PBXFileReference; lastKnownFileType = file; name = "Montserrat-SemiBoldItalic.ttf"; path = "../../../../../../Downloads/Montserrat/Montserrat-SemiBoldItalic.ttf"; sourceTree = "<group>"; };
		EEC0614B29C356CA00DED509 /* Montserrat-ExtraLightItalic.ttf */ = {isa = PBXFileReference; lastKnownFileType = file; name = "Montserrat-ExtraLightItalic.ttf"; path = "../../../../../../Downloads/Montserrat/Montserrat-ExtraLightItalic.ttf"; sourceTree = "<group>"; };
		EEC0614C29C356CA00DED509 /* Montserrat-LightItalic.ttf */ = {isa = PBXFileReference; lastKnownFileType = file; name = "Montserrat-LightItalic.ttf"; path = "../../../../../../Downloads/Montserrat/Montserrat-LightItalic.ttf"; sourceTree = "<group>"; };
		EEC38F9C29C1DD1500648688 /* testAssignment.app */ = {isa = PBXFileReference; explicitFileType = wrapper.application; includeInIndex = 0; path = testAssignment.app; sourceTree = BUILT_PRODUCTS_DIR; };
		EEC38F9F29C1DD1500648688 /* AppDelegate.swift */ = {isa = PBXFileReference; lastKnownFileType = sourcecode.swift; path = AppDelegate.swift; sourceTree = "<group>"; };
		EEC38FA129C1DD1500648688 /* SceneDelegate.swift */ = {isa = PBXFileReference; lastKnownFileType = sourcecode.swift; path = SceneDelegate.swift; sourceTree = "<group>"; };
		EEC38FA329C1DD1500648688 /* SignInViewController.swift */ = {isa = PBXFileReference; lastKnownFileType = sourcecode.swift; path = SignInViewController.swift; sourceTree = "<group>"; };
		EEC38FA629C1DD1500648688 /* Base */ = {isa = PBXFileReference; lastKnownFileType = file.storyboard; name = Base; path = Base.lproj/Main.storyboard; sourceTree = "<group>"; };
		EEC38FA929C1DD1500648688 /* testAssignment.xcdatamodel */ = {isa = PBXFileReference; lastKnownFileType = wrapper.xcdatamodel; path = testAssignment.xcdatamodel; sourceTree = "<group>"; };
		EEC38FAB29C1DD1600648688 /* Assets.xcassets */ = {isa = PBXFileReference; lastKnownFileType = folder.assetcatalog; path = Assets.xcassets; sourceTree = "<group>"; };
		EEC38FAE29C1DD1600648688 /* Base */ = {isa = PBXFileReference; lastKnownFileType = file.storyboard; name = Base; path = Base.lproj/LaunchScreen.storyboard; sourceTree = "<group>"; };
		EEC38FB029C1DD1600648688 /* Info.plist */ = {isa = PBXFileReference; lastKnownFileType = text.plist.xml; path = Info.plist; sourceTree = "<group>"; };
/* End PBXFileReference section */

/* Begin PBXFrameworksBuildPhase section */
		EEC38F9929C1DD1500648688 /* Frameworks */ = {
			isa = PBXFrameworksBuildPhase;
			buildActionMask = 2147483647;
			files = (
				34823E4D0A8D76776C4EC22E /* Pods_testAssignment.framework in Frameworks */,
			);
			runOnlyForDeploymentPostprocessing = 0;
		};
/* End PBXFrameworksBuildPhase section */

/* Begin PBXGroup section */
		34B0878CF0F58385CF9A0D3A /* Pods */ = {
			isa = PBXGroup;
			children = (
				DC1C5E9F7B47A9BC095CA09F /* Pods-testAssignment.debug.xcconfig */,
				49FE2B4576CAA79603CDF6D3 /* Pods-testAssignment.release.xcconfig */,
			);
			path = Pods;
			sourceTree = "<group>";
		};
		5BA1722A94C23713E8CE7D1B /* Frameworks */ = {
			isa = PBXGroup;
			children = (
				1B016E84E79D59EEE920BA73 /* Pods_testAssignment.framework */,
			);
			name = Frameworks;
			sourceTree = "<group>";
		};
		EE51254229C4DEB1005FC467 /* Model */ = {
			isa = PBXGroup;
			children = (
				EE51254329C4DEC3005FC467 /* Auth.swift */,
				EE40E34529C7A8AD007AAEE7 /* Database.swift */,
			);
			path = Model;
			sourceTree = "<group>";
		};
		EE51254929C64829005FC467 /* Auth */ = {
			isa = PBXGroup;
			children = (
				EEC38FA329C1DD1500648688 /* SignInViewController.swift */,
				EEABF30529C37107000F9508 /* LoginViewController.swift */,
				EE51254529C4EEFC005FC467 /* passwordViewController.swift */,
			);
			path = Auth;
			sourceTree = "<group>";
		};
		EE51254A29C64838005FC467 /* Main */ = {
			isa = PBXGroup;
			children = (
				EE51254729C51AF3005FC467 /* ProfileViewController.swift */,
				EE51254B29C64869005FC467 /* MenuUITabBarController.swift */,
				EE40E34729C7B45D007AAEE7 /* Page1ViewController.swift */,
			);
			path = Main;
			sourceTree = "<group>";
		};
		EEABF30429C370CA000F9508 /* Controller */ = {
			isa = PBXGroup;
			children = (
				EE51254A29C64838005FC467 /* Main */,
				EE51254929C64829005FC467 /* Auth */,
			);
			path = Controller;
			sourceTree = "<group>";
		};
		EEC0613A29C356A800DED509 /* Fonts */ = {
			isa = PBXGroup;
			children = (
				EEC0614129C356CA00DED509 /* Montserrat-Black.ttf */,
				EEC0614529C356CA00DED509 /* Montserrat-BlackItalic.ttf */,
				EEC0613E29C356CA00DED509 /* Montserrat-Bold.ttf */,
				EEC0614829C356CA00DED509 /* Montserrat-BoldItalic.ttf */,
				EEC0613D29C356CA00DED509 /* Montserrat-ExtraBold.ttf */,
				EEC0614929C356CA00DED509 /* Montserrat-ExtraBoldItalic.ttf */,
				EEC0614029C356CA00DED509 /* Montserrat-ExtraLight.ttf */,
				EEC0614B29C356CA00DED509 /* Montserrat-ExtraLightItalic.ttf */,
				EEC0613C29C356CA00DED509 /* Montserrat-Italic.ttf */,
				EEC0614629C356CA00DED509 /* Montserrat-Light.ttf */,
				EEC0614C29C356CA00DED509 /* Montserrat-LightItalic.ttf */,
				EEC0614429C356CA00DED509 /* Montserrat-Medium.ttf */,
				EEC0614729C356CA00DED509 /* Montserrat-MediumItalic.ttf */,
				EEC0613F29C356CA00DED509 /* Montserrat-Regular.ttf */,
				EEC0614229C356CA00DED509 /* Montserrat-SemiBold.ttf */,
				EEC0614A29C356CA00DED509 /* Montserrat-SemiBoldItalic.ttf */,
				EEC0614329C356CA00DED509 /* Montserrat-Thin.ttf */,
				EEC0613B29C356CA00DED509 /* Montserrat-ThinItalic.ttf */,
			);
			path = Fonts;
			sourceTree = "<group>";
		};
		EEC38F9329C1DD1500648688 = {
			isa = PBXGroup;
			children = (
				EEC38F9E29C1DD1500648688 /* testAssignment */,
				EEC38F9D29C1DD1500648688 /* Products */,
				34B0878CF0F58385CF9A0D3A /* Pods */,
				5BA1722A94C23713E8CE7D1B /* Frameworks */,
			);
			sourceTree = "<group>";
		};
		EEC38F9D29C1DD1500648688 /* Products */ = {
			isa = PBXGroup;
			children = (
				EEC38F9C29C1DD1500648688 /* testAssignment.app */,
			);
			name = Products;
			sourceTree = "<group>";
		};
		EEC38F9E29C1DD1500648688 /* testAssignment */ = {
			isa = PBXGroup;
			children = (
				EE51254229C4DEB1005FC467 /* Model */,
				EEABF30429C370CA000F9508 /* Controller */,
				EEC0613A29C356A800DED509 /* Fonts */,
				EEC38F9F29C1DD1500648688 /* AppDelegate.swift */,
				EEC38FA129C1DD1500648688 /* SceneDelegate.swift */,
				EEC38FA529C1DD1500648688 /* Main.storyboard */,
				EEC38FAB29C1DD1600648688 /* Assets.xcassets */,
				EEC38FAD29C1DD1600648688 /* LaunchScreen.storyboard */,
				EEC38FB029C1DD1600648688 /* Info.plist */,
				EE43AA7829C4C37800CD49AC /* GoogleService-Info.plist */,
				EEC38FA829C1DD1500648688 /* testAssignment.xcdatamodeld */,
			);
			path = testAssignment;
			sourceTree = "<group>";
		};
/* End PBXGroup section */

/* Begin PBXNativeTarget section */
		EEC38F9B29C1DD1500648688 /* testAssignment */ = {
			isa = PBXNativeTarget;
			buildConfigurationList = EEC38FB329C1DD1600648688 /* Build configuration list for PBXNativeTarget "testAssignment" */;
			buildPhases = (
				3DF7FDB243B6A3BEAC9E1C6D /* [CP] Check Pods Manifest.lock */,
				EEC38F9829C1DD1500648688 /* Sources */,
				EEC38F9929C1DD1500648688 /* Frameworks */,
				EEC38F9A29C1DD1500648688 /* Resources */,
				103C65BB174E2C8D382D2629 /* [CP] Embed Pods Frameworks */,
			);
			buildRules = (
			);
			dependencies = (
			);
			name = testAssignment;
			productName = testAssignment;
			productReference = EEC38F9C29C1DD1500648688 /* testAssignment.app */;
			productType = "com.apple.product-type.application";
		};
/* End PBXNativeTarget section */

/* Begin PBXProject section */
		EEC38F9429C1DD1500648688 /* Project object */ = {
			isa = PBXProject;
			attributes = {
				BuildIndependentTargetsInParallel = 1;
				CLASSPREFIX = x;
				LastSwiftUpdateCheck = 1420;
				LastUpgradeCheck = 1420;
				TargetAttributes = {
					EEC38F9B29C1DD1500648688 = {
						CreatedOnToolsVersion = 14.2;
					};
				};
			};
			buildConfigurationList = EEC38F9729C1DD1500648688 /* Build configuration list for PBXProject "testAssignment" */;
			compatibilityVersion = "Xcode 12.0";
			developmentRegion = en;
			hasScannedForEncodings = 0;
			knownRegions = (
				en,
				Base,
			);
			mainGroup = EEC38F9329C1DD1500648688;
			productRefGroup = EEC38F9D29C1DD1500648688 /* Products */;
			projectDirPath = "";
			projectRoot = "";
			targets = (
				EEC38F9B29C1DD1500648688 /* testAssignment */,
			);
		};
/* End PBXProject section */

/* Begin PBXResourcesBuildPhase section */
		EEC38F9A29C1DD1500648688 /* Resources */ = {
			isa = PBXResourcesBuildPhase;
			buildActionMask = 2147483647;
			files = (
				EEABF30329C35B57000F9508 /* Assets.xcassets in Resources */,
				EE43AA7929C4C37800CD49AC /* GoogleService-Info.plist in Resources */,
				EEABF30129C35B4E000F9508 /* LaunchScreen.storyboard in Resources */,
				EEABF30029C35B4B000F9508 /* Main.storyboard in Resources */,
			);
			runOnlyForDeploymentPostprocessing = 0;
		};
/* End PBXResourcesBuildPhase section */

/* Begin PBXShellScriptBuildPhase section */
		103C65BB174E2C8D382D2629 /* [CP] Embed Pods Frameworks */ = {
			isa = PBXShellScriptBuildPhase;
			buildActionMask = 2147483647;
			files = (
			);
			inputFileListPaths = (
				"${PODS_ROOT}/Target Support Files/Pods-testAssignment/Pods-testAssignment-frameworks-${CONFIGURATION}-input-files.xcfilelist",
			);
			name = "[CP] Embed Pods Frameworks";
			outputFileListPaths = (
				"${PODS_ROOT}/Target Support Files/Pods-testAssignment/Pods-testAssignment-frameworks-${CONFIGURATION}-output-files.xcfilelist",
			);
			runOnlyForDeploymentPostprocessing = 0;
			shellPath = /bin/sh;
			shellScript = "\"${PODS_ROOT}/Target Support Files/Pods-testAssignment/Pods-testAssignment-frameworks.sh\"\n";
			showEnvVarsInLog = 0;
		};
		3DF7FDB243B6A3BEAC9E1C6D /* [CP] Check Pods Manifest.lock */ = {
			isa = PBXShellScriptBuildPhase;
			buildActionMask = 2147483647;
			files = (
			);
			inputFileListPaths = (
			);
			inputPaths = (
				"${PODS_PODFILE_DIR_PATH}/Podfile.lock",
				"${PODS_ROOT}/Manifest.lock",
			);
			name = "[CP] Check Pods Manifest.lock";
			outputFileListPaths = (
			);
			outputPaths = (
				"$(DERIVED_FILE_DIR)/Pods-testAssignment-checkManifestLockResult.txt",
			);
			runOnlyForDeploymentPostprocessing = 0;
			shellPath = /bin/sh;
			shellScript = "diff \"${PODS_PODFILE_DIR_PATH}/Podfile.lock\" \"${PODS_ROOT}/Manifest.lock\" > /dev/null\nif [ $? != 0 ] ; then\n    # print error to STDERR\n    echo \"error: The sandbox is not in sync with the Podfile.lock. Run 'pod install' or update your CocoaPods installation.\" >&2\n    exit 1\nfi\n# This output is used by Xcode 'outputs' to avoid re-running this script phase.\necho \"SUCCESS\" > \"${SCRIPT_OUTPUT_FILE_0}\"\n";
			showEnvVarsInLog = 0;
		};
/* End PBXShellScriptBuildPhase section */

/* Begin PBXSourcesBuildPhase section */
		EEC38F9829C1DD1500648688 /* Sources */ = {
			isa = PBXSourcesBuildPhase;
			buildActionMask = 2147483647;
			files = (
				EEC38FAA29C1DD1500648688 /* testAssignment.xcdatamodeld in Sources */,
				EEC38FA429C1DD1500648688 /* SignInViewController.swift in Sources */,
				EE51254629C4EEFC005FC467 /* passwordViewController.swift in Sources */,
				EEC38FA029C1DD1500648688 /* AppDelegate.swift in Sources */,
				EE51254C29C64869005FC467 /* MenuUITabBarController.swift in Sources */,
				EEABF30629C37107000F9508 /* LoginViewController.swift in Sources */,
				EEC38FA229C1DD1500648688 /* SceneDelegate.swift in Sources */,
				EE51254429C4DEC3005FC467 /* Auth.swift in Sources */,
				EE40E34629C7A8AD007AAEE7 /* Database.swift in Sources */,
				EE40E34829C7B45D007AAEE7 /* Page1ViewController.swift in Sources */,
				EE51254829C51AF3005FC467 /* ProfileViewController.swift in Sources */,
			);
			runOnlyForDeploymentPostprocessing = 0;
		};
/* End PBXSourcesBuildPhase section */

/* Begin PBXVariantGroup section */
		EEC38FA529C1DD1500648688 /* Main.storyboard */ = {
			isa = PBXVariantGroup;
			children = (
				EEC38FA629C1DD1500648688 /* Base */,
			);
			name = Main.storyboard;
			sourceTree = "<group>";
		};
		EEC38FAD29C1DD1600648688 /* LaunchScreen.storyboard */ = {
			isa = PBXVariantGroup;
			children = (
				EEC38FAE29C1DD1600648688 /* Base */,
			);
			name = LaunchScreen.storyboard;
			sourceTree = "<group>";
		};
/* End PBXVariantGroup section */

/* Begin XCBuildConfiguration section */
		EEC38FB129C1DD1600648688 /* Debug */ = {
			isa = XCBuildConfiguration;
			buildSettings = {
				ALWAYS_SEARCH_USER_PATHS = NO;
				CLANG_ANALYZER_NONNULL = YES;
				CLANG_ANALYZER_NUMBER_OBJECT_CONVERSION = YES_AGGRESSIVE;
				CLANG_CXX_LANGUAGE_STANDARD = "gnu++20";
				CLANG_ENABLE_MODULES = YES;
				CLANG_ENABLE_OBJC_ARC = YES;
				CLANG_ENABLE_OBJC_WEAK = YES;
				CLANG_WARN_BLOCK_CAPTURE_AUTORELEASING = YES;
				CLANG_WARN_BOOL_CONVERSION = YES;
				CLANG_WARN_COMMA = YES;
				CLANG_WARN_CONSTANT_CONVERSION = YES;
				CLANG_WARN_DEPRECATED_OBJC_IMPLEMENTATIONS = YES;
				CLANG_WARN_DIRECT_OBJC_ISA_USAGE = YES_ERROR;
				CLANG_WARN_DOCUMENTATION_COMMENTS = YES;
				CLANG_WARN_EMPTY_BODY = YES;
				CLANG_WARN_ENUM_CONVERSION = YES;
				CLANG_WARN_INFINITE_RECURSION = YES;
				CLANG_WARN_INT_CONVERSION = YES;
				CLANG_WARN_NON_LITERAL_NULL_CONVERSION = YES;
				CLANG_WARN_OBJC_IMPLICIT_RETAIN_SELF = YES;
				CLANG_WARN_OBJC_LITERAL_CONVERSION = YES;
				CLANG_WARN_OBJC_ROOT_CLASS = YES_ERROR;
				CLANG_WARN_QUOTED_INCLUDE_IN_FRAMEWORK_HEADER = YES;
				CLANG_WARN_RANGE_LOOP_ANALYSIS = YES;
				CLANG_WARN_STRICT_PROTOTYPES = YES;
				CLANG_WARN_SUSPICIOUS_MOVE = YES;
				CLANG_WARN_UNGUARDED_AVAILABILITY = YES_AGGRESSIVE;
				CLANG_WARN_UNREACHABLE_CODE = YES;
				CLANG_WARN__DUPLICATE_METHOD_MATCH = YES;
				COPY_PHASE_STRIP = NO;
				DEBUG_INFORMATION_FORMAT = dwarf;
				ENABLE_STRICT_OBJC_MSGSEND = YES;
				ENABLE_TESTABILITY = YES;
				GCC_C_LANGUAGE_STANDARD = gnu11;
				GCC_DYNAMIC_NO_PIC = NO;
				GCC_NO_COMMON_BLOCKS = YES;
				GCC_OPTIMIZATION_LEVEL = 0;
				GCC_PREPROCESSOR_DEFINITIONS = (
					"DEBUG=1",
					"$(inherited)",
				);
				GCC_WARN_64_TO_32_BIT_CONVERSION = YES;
				GCC_WARN_ABOUT_RETURN_TYPE = YES_ERROR;
				GCC_WARN_UNDECLARED_SELECTOR = YES;
				GCC_WARN_UNINITIALIZED_AUTOS = YES_AGGRESSIVE;
				GCC_WARN_UNUSED_FUNCTION = YES;
				GCC_WARN_UNUSED_VARIABLE = YES;
				IPHONEOS_DEPLOYMENT_TARGET = 16.2;
				MTL_ENABLE_DEBUG_INFO = INCLUDE_SOURCE;
				MTL_FAST_MATH = YES;
				ONLY_ACTIVE_ARCH = YES;
				SDKROOT = iphoneos;
				SWIFT_ACTIVE_COMPILATION_CONDITIONS = DEBUG;
				SWIFT_OPTIMIZATION_LEVEL = "-Onone";
			};
			name = Debug;
		};
		EEC38FB229C1DD1600648688 /* Release */ = {
			isa = XCBuildConfiguration;
			buildSettings = {
				ALWAYS_SEARCH_USER_PATHS = NO;
				CLANG_ANALYZER_NONNULL = YES;
				CLANG_ANALYZER_NUMBER_OBJECT_CONVERSION = YES_AGGRESSIVE;
				CLANG_CXX_LANGUAGE_STANDARD = "gnu++20";
				CLANG_ENABLE_MODULES = YES;
				CLANG_ENABLE_OBJC_ARC = YES;
				CLANG_ENABLE_OBJC_WEAK = YES;
				CLANG_WARN_BLOCK_CAPTURE_AUTORELEASING = YES;
				CLANG_WARN_BOOL_CONVERSION = YES;
				CLANG_WARN_COMMA = YES;
				CLANG_WARN_CONSTANT_CONVERSION = YES;
				CLANG_WARN_DEPRECATED_OBJC_IMPLEMENTATIONS = YES;
				CLANG_WARN_DIRECT_OBJC_ISA_USAGE = YES_ERROR;
				CLANG_WARN_DOCUMENTATION_COMMENTS = YES;
				CLANG_WARN_EMPTY_BODY = YES;
				CLANG_WARN_ENUM_CONVERSION = YES;
				CLANG_WARN_INFINITE_RECURSION = YES;
				CLANG_WARN_INT_CONVERSION = YES;
				CLANG_WARN_NON_LITERAL_NULL_CONVERSION = YES;
				CLANG_WARN_OBJC_IMPLICIT_RETAIN_SELF = YES;
				CLANG_WARN_OBJC_LITERAL_CONVERSION = YES;
				CLANG_WARN_OBJC_ROOT_CLASS = YES_ERROR;
				CLANG_WARN_QUOTED_INCLUDE_IN_FRAMEWORK_HEADER = YES;
				CLANG_WARN_RANGE_LOOP_ANALYSIS = YES;
				CLANG_WARN_STRICT_PROTOTYPES = YES;
				CLANG_WARN_SUSPICIOUS_MOVE = YES;
				CLANG_WARN_UNGUARDED_AVAILABILITY = YES_AGGRESSIVE;
				CLANG_WARN_UNREACHABLE_CODE = YES;
				CLANG_WARN__DUPLICATE_METHOD_MATCH = YES;
				COPY_PHASE_STRIP = NO;
				DEBUG_INFORMATION_FORMAT = "dwarf-with-dsym";
				ENABLE_NS_ASSERTIONS = NO;
				ENABLE_STRICT_OBJC_MSGSEND = YES;
				GCC_C_LANGUAGE_STANDARD = gnu11;
				GCC_NO_COMMON_BLOCKS = YES;
				GCC_WARN_64_TO_32_BIT_CONVERSION = YES;
				GCC_WARN_ABOUT_RETURN_TYPE = YES_ERROR;
				GCC_WARN_UNDECLARED_SELECTOR = YES;
				GCC_WARN_UNINITIALIZED_AUTOS = YES_AGGRESSIVE;
				GCC_WARN_UNUSED_FUNCTION = YES;
				GCC_WARN_UNUSED_VARIABLE = YES;
				IPHONEOS_DEPLOYMENT_TARGET = 16.2;
				MTL_ENABLE_DEBUG_INFO = NO;
				MTL_FAST_MATH = YES;
				SDKROOT = iphoneos;
				SWIFT_COMPILATION_MODE = wholemodule;
				SWIFT_OPTIMIZATION_LEVEL = "-O";
				VALIDATE_PRODUCT = YES;
			};
			name = Release;
		};
		EEC38FB429C1DD1600648688 /* Debug */ = {
			isa = XCBuildConfiguration;
			baseConfigurationReference = DC1C5E9F7B47A9BC095CA09F /* Pods-testAssignment.debug.xcconfig */;
			buildSettings = {
				ASSETCATALOG_COMPILER_APPICON_NAME = AppIcon;
				ASSETCATALOG_COMPILER_GLOBAL_ACCENT_COLOR_NAME = AccentColor;
				CODE_SIGN_STYLE = Automatic;
				CURRENT_PROJECT_VERSION = 1;
				DEVELOPMENT_TEAM = 4FV5WJHF4V;
				GENERATE_INFOPLIST_FILE = YES;
				INFOPLIST_FILE = testAssignment/Info.plist;
				INFOPLIST_KEY_UIApplicationSupportsIndirectInputEvents = YES;
				INFOPLIST_KEY_UILaunchStoryboardName = LaunchScreen;
				INFOPLIST_KEY_UIMainStoryboardFile = Main;
				INFOPLIST_KEY_UISupportedInterfaceOrientations_iPad = "UIInterfaceOrientationPortrait UIInterfaceOrientationPortraitUpsideDown UIInterfaceOrientationLandscapeLeft UIInterfaceOrientationLandscapeRight";
				INFOPLIST_KEY_UISupportedInterfaceOrientations_iPhone = "UIInterfaceOrientationPortrait UIInterfaceOrientationLandscapeLeft UIInterfaceOrientationLandscapeRight";
				IPHONEOS_DEPLOYMENT_TARGET = 16.0;
				LD_RUNPATH_SEARCH_PATHS = (
					"$(inherited)",
					"@executable_path/Frameworks",
				);
				MARKETING_VERSION = 1.0;
				PRODUCT_BUNDLE_IDENTIFIER = Shredding.testAssignment;
				PRODUCT_NAME = "$(TARGET_NAME)";
				SWIFT_EMIT_LOC_STRINGS = YES;
				SWIFT_VERSION = 5.0;
				TARGETED_DEVICE_FAMILY = "1,2";
			};
			name = Debug;
		};
		EEC38FB529C1DD1600648688 /* Release */ = {
			isa = XCBuildConfiguration;
			baseConfigurationReference = 49FE2B4576CAA79603CDF6D3 /* Pods-testAssignment.release.xcconfig */;
			buildSettings = {
				ASSETCATALOG_COMPILER_APPICON_NAME = AppIcon;
				ASSETCATALOG_COMPILER_GLOBAL_ACCENT_COLOR_NAME = AccentColor;
				CODE_SIGN_STYLE = Automatic;
				CURRENT_PROJECT_VERSION = 1;
				DEVELOPMENT_TEAM = 4FV5WJHF4V;
				GENERATE_INFOPLIST_FILE = YES;
				INFOPLIST_FILE = testAssignment/Info.plist;
				INFOPLIST_KEY_UIApplicationSupportsIndirectInputEvents = YES;
				INFOPLIST_KEY_UILaunchStoryboardName = LaunchScreen;
				INFOPLIST_KEY_UIMainStoryboardFile = Main;
				INFOPLIST_KEY_UISupportedInterfaceOrientations_iPad = "UIInterfaceOrientationPortrait UIInterfaceOrientationPortraitUpsideDown UIInterfaceOrientationLandscapeLeft UIInterfaceOrientationLandscapeRight";
				INFOPLIST_KEY_UISupportedInterfaceOrientations_iPhone = "UIInterfaceOrientationPortrait UIInterfaceOrientationLandscapeLeft UIInterfaceOrientationLandscapeRight";
				IPHONEOS_DEPLOYMENT_TARGET = 16.0;
				LD_RUNPATH_SEARCH_PATHS = (
					"$(inherited)",
					"@executable_path/Frameworks",
				);
				MARKETING_VERSION = 1.0;
				PRODUCT_BUNDLE_IDENTIFIER = Shredding.testAssignment;
				PRODUCT_NAME = "$(TARGET_NAME)";
				SWIFT_EMIT_LOC_STRINGS = YES;
				SWIFT_VERSION = 5.0;
				TARGETED_DEVICE_FAMILY = "1,2";
			};
			name = Release;
		};
/* End XCBuildConfiguration section */

/* Begin XCConfigurationList section */
		EEC38F9729C1DD1500648688 /* Build configuration list for PBXProject "testAssignment" */ = {
			isa = XCConfigurationList;
			buildConfigurations = (
				EEC38FB129C1DD1600648688 /* Debug */,
				EEC38FB229C1DD1600648688 /* Release */,
			);
			defaultConfigurationIsVisible = 0;
			defaultConfigurationName = Release;
		};
		EEC38FB329C1DD1600648688 /* Build configuration list for PBXNativeTarget "testAssignment" */ = {
			isa = XCConfigurationList;
			buildConfigurations = (
				EEC38FB429C1DD1600648688 /* Debug */,
				EEC38FB529C1DD1600648688 /* Release */,
			);
			defaultConfigurationIsVisible = 0;
			defaultConfigurationName = Release;
		};
/* End XCConfigurationList section */

/* Begin XCVersionGroup section */
		EEC38FA829C1DD1500648688 /* testAssignment.xcdatamodeld */ = {
			isa = XCVersionGroup;
			children = (
				EEC38FA929C1DD1500648688 /* testAssignment.xcdatamodel */,
			);
			currentVersion = EEC38FA929C1DD1500648688 /* testAssignment.xcdatamodel */;
			path = testAssignment.xcdatamodeld;
			sourceTree = "<group>";
			versionGroupType = wrapper.xcdatamodel;
		};
/* End XCVersionGroup section */
	};
	rootObject = EEC38F9429C1DD1500648688 /* Project object */;
}
